
Microsoft Visual Studio Solution File, Format Version 12.00
# Visual Studio Version 17
VisualStudioVersion = 17.0.31903.59
MinimumVisualStudioVersion = 10.0.40219.1
Project("{2150E333-8FDC-42A3-9474-1A3956D46DE8}") = "src", "src", "{827E0CD3-B72D-47B6-A68D-7590B98EB39B}"
EndProject
Project("{FAE04EC0-301F-11D3-BF4B-00C04F79EFBC}") = "MailStencil.AzureBlob", "src\MailStencil.AzureBlob\MailStencil.AzureBlob.csproj", "{3D4068B1-B16B-4228-BCBE-A976F03E97E7}"
EndProject
Project("{FAE04EC0-301F-11D3-BF4B-00C04F79EFBC}") = "MailStencil.Core", "src\MailStencil.Core\MailStencil.Core.csproj", "{415823C3-CBD7-46FA-813A-7733688FDD4F}"
EndProject
Project("{FAE04EC0-301F-11D3-BF4B-00C04F79EFBC}") = "MailStencil.FileSystem", "src\MailStencil.FileSystem\MailStencil.FileSystem.csproj", "{8DC09FCB-4D88-4192-8148-08BA577E04AA}"
EndProject
Project("{FAE04EC0-301F-11D3-BF4B-00C04F79EFBC}") = "MailStencil.Scriban", "src\MailStencil.Scriban\MailStencil.Scriban.csproj", "{095DDB32-C991-4164-B4C2-4F0A9AA46C48}"
EndProject
Project("{2150E333-8FDC-42A3-9474-1A3956D46DE8}") = "tests", "tests", "{0AB3BF05-4346-4AA6-1389-037BE0695223}"
EndProject
Project("{FAE04EC0-301F-11D3-BF4B-00C04F79EFBC}") = "MailStencil.AzureBlob.Tests", "tests\MailStencil.AzureBlob.Tests\MailStencil.AzureBlob.Tests.csproj", "{2D6244B1-C8CF-4188-BAE1-2ECB79AC1CDF}"
EndProject
Project("{FAE04EC0-301F-11D3-BF4B-00C04F79EFBC}") = "MailStencil.Core.Tests", "tests\MailStencil.Core.Tests\MailStencil.Core.Tests.csproj", "{97789A52-D23F-4E20-AFF4-69D33959A21D}"
EndProject
Project("{FAE04EC0-301F-11D3-BF4B-00C04F79EFBC}") = "MailStencil.FileSystem.Tests", "tests\MailStencil.FileSystem.Tests\MailStencil.FileSystem.Tests.csproj", "{C6CC12C8-E4AA-4D7A-B517-1F266E3FE116}"
EndProject
Project("{FAE04EC0-301F-11D3-BF4B-00C04F79EFBC}") = "MailStencil.Scriban.Tests", "tests\MailStencil.Scriban.Tests\MailStencil.Scriban.Tests.csproj", "{2FAFD3F8-1F83-4F71-9EA0-F63D8CAEEEA2}"
EndProject
Project("{2150E333-8FDC-42A3-9474-1A3956D46DE8}") = "samples", "samples", "{5D20AA90-6969-D8BD-9DCD-8634F4692FDA}"
EndProject
Project("{FAE04EC0-301F-11D3-BF4B-00C04F79EFBC}") = "MailStencil.Sample.AspNetCore", "samples\MailStencil.Sample.AspNetCore\MailStencil.Sample.AspNetCore.csproj", "{AA0DB879-75B9-4DE4-97B4-87440454229B}"
EndProject
Project("{FAE04EC0-301F-11D3-BF4B-00C04F79EFBC}") = "MailStencil.Sample.Console", "samples\MailStencil.Sample.Console\MailStencil.Sample.Console.csproj", "{CFCC3885-F372-4B0A-9A89-F8D88B7E3444}"
EndProject
Project("{FAE04EC0-301F-11D3-BF4B-00C04F79EFBC}") = "MailStencil.Sample.AspNetCore.Tests", "tests\MailStencil.Sample.AspNetCore.Tests\MailStencil.Sample.AspNetCore.Tests.csproj", "{F7366C57-7390-4EA9-9549-B3FBF5D98545}"
EndProject
Project("{2150E333-8FDC-42A3-9474-1A3956D46DE8}") = "eng", "eng", "{7525B257-249C-EE79-B10A-65D0BC27ABA9}"
EndProject
Project("{FAE04EC0-301F-11D3-BF4B-00C04F79EFBC}") = "MailStencil.PublicApiGuard", "eng\MailStencil.PublicApiGuard\MailStencil.PublicApiGuard.csproj", "{AD1998CC-59AE-4C58-96F9-7A45B1A8F21F}"
EndProject
Global
	GlobalSection(SolutionConfigurationPlatforms) = preSolution
		Debug|Any CPU = Debug|Any CPU
		Debug|x64 = Debug|x64
		Debug|x86 = Debug|x86
		Release|Any CPU = Release|Any CPU
		Release|x64 = Release|x64
		Release|x86 = Release|x86
	EndGlobalSection
	GlobalSection(ProjectConfigurationPlatforms) = postSolution
		{3D4068B1-B16B-4228-BCBE-A976F03E97E7}.Debug|Any CPU.ActiveCfg = Debug|Any CPU
		{3D4068B1-B16B-4228-BCBE-A976F03E97E7}.Debug|Any CPU.Build.0 = Debug|Any CPU
		{3D4068B1-B16B-4228-BCBE-A976F03E97E7}.Debug|x64.ActiveCfg = Debug|Any CPU
		{3D4068B1-B16B-4228-BCBE-A976F03E97E7}.Debug|x64.Build.0 = Debug|Any CPU
		{3D4068B1-B16B-4228-BCBE-A976F03E97E7}.Debug|x86.ActiveCfg = Debug|Any CPU
		{3D4068B1-B16B-4228-BCBE-A976F03E97E7}.Debug|x86.Build.0 = Debug|Any CPU
		{3D4068B1-B16B-4228-BCBE-A976F03E97E7}.Release|Any CPU.ActiveCfg = Release|Any CPU
		{3D4068B1-B16B-4228-BCBE-A976F03E97E7}.Release|Any CPU.Build.0 = Release|Any CPU
		{3D4068B1-B16B-4228-BCBE-A976F03E97E7}.Release|x64.ActiveCfg = Release|Any CPU
		{3D4068B1-B16B-4228-BCBE-A976F03E97E7}.Release|x64.Build.0 = Release|Any CPU
		{3D4068B1-B16B-4228-BCBE-A976F03E97E7}.Release|x86.ActiveCfg = Release|Any CPU
		{3D4068B1-B16B-4228-BCBE-A976F03E97E7}.Release|x86.Build.0 = Release|Any CPU
		{415823C3-CBD7-46FA-813A-7733688FDD4F}.Debug|Any CPU.ActiveCfg = Debug|Any CPU
		{415823C3-CBD7-46FA-813A-7733688FDD4F}.Debug|Any CPU.Build.0 = Debug|Any CPU
		{415823C3-CBD7-46FA-813A-7733688FDD4F}.Debug|x64.ActiveCfg = Debug|Any CPU
		{415823C3-CBD7-46FA-813A-7733688FDD4F}.Debug|x64.Build.0 = Debug|Any CPU
		{415823C3-CBD7-46FA-813A-7733688FDD4F}.Debug|x86.ActiveCfg = Debug|Any CPU
		{415823C3-CBD7-46FA-813A-7733688FDD4F}.Debug|x86.Build.0 = Debug|Any CPU
		{415823C3-CBD7-46FA-813A-7733688FDD4F}.Release|Any CPU.ActiveCfg = Release|Any CPU
		{415823C3-CBD7-46FA-813A-7733688FDD4F}.Release|Any CPU.Build.0 = Release|Any CPU
		{415823C3-CBD7-46FA-813A-7733688FDD4F}.Release|x64.ActiveCfg = Release|Any CPU
		{415823C3-CBD7-46FA-813A-7733688FDD4F}.Release|x64.Build.0 = Release|Any CPU
		{415823C3-CBD7-46FA-813A-7733688FDD4F}.Release|x86.ActiveCfg = Release|Any CPU
		{415823C3-CBD7-46FA-813A-7733688FDD4F}.Release|x86.Build.0 = Release|Any CPU
		{8DC09FCB-4D88-4192-8148-08BA577E04AA}.Debug|Any CPU.ActiveCfg = Debug|Any CPU
		{8DC09FCB-4D88-4192-8148-08BA577E04AA}.Debug|Any CPU.Build.0 = Debug|Any CPU
		{8DC09FCB-4D88-4192-8148-08BA577E04AA}.Debug|x64.ActiveCfg = Debug|Any CPU
		{8DC09FCB-4D88-4192-8148-08BA577E04AA}.Debug|x64.Build.0 = Debug|Any CPU
		{8DC09FCB-4D88-4192-8148-08BA577E04AA}.Debug|x86.ActiveCfg = Debug|Any CPU
		{8DC09FCB-4D88-4192-8148-08BA577E04AA}.Debug|x86.Build.0 = Debug|Any CPU
		{8DC09FCB-4D88-4192-8148-08BA577E04AA}.Release|Any CPU.ActiveCfg = Release|Any CPU
		{8DC09FCB-4D88-4192-8148-08BA577E04AA}.Release|Any CPU.Build.0 = Release|Any CPU
		{8DC09FCB-4D88-4192-8148-08BA577E04AA}.Release|x64.ActiveCfg = Release|Any CPU
		{8DC09FCB-4D88-4192-8148-08BA577E04AA}.Release|x64.Build.0 = Release|Any CPU
		{8DC09FCB-4D88-4192-8148-08BA577E04AA}.Release|x86.ActiveCfg = Release|Any CPU
		{8DC09FCB-4D88-4192-8148-08BA577E04AA}.Release|x86.Build.0 = Release|Any CPU
		{095DDB32-C991-4164-B4C2-4F0A9AA46C48}.Debug|Any CPU.ActiveCfg = Debug|Any CPU
		{095DDB32-C991-4164-B4C2-4F0A9AA46C48}.Debug|Any CPU.Build.0 = Debug|Any CPU
		{095DDB32-C991-4164-B4C2-4F0A9AA46C48}.Debug|x64.ActiveCfg = Debug|Any CPU
		{095DDB32-C991-4164-B4C2-4F0A9AA46C48}.Debug|x64.Build.0 = Debug|Any CPU
		{095DDB32-C991-4164-B4C2-4F0A9AA46C48}.Debug|x86.ActiveCfg = Debug|Any CPU
		{095DDB32-C991-4164-B4C2-4F0A9AA46C48}.Debug|x86.Build.0 = Debug|Any CPU
		{095DDB32-C991-4164-B4C2-4F0A9AA46C48}.Release|Any CPU.ActiveCfg = Release|Any CPU
		{095DDB32-C991-4164-B4C2-4F0A9AA46C48}.Release|Any CPU.Build.0 = Release|Any CPU
		{095DDB32-C991-4164-B4C2-4F0A9AA46C48}.Release|x64.ActiveCfg = Release|Any CPU
		{095DDB32-C991-4164-B4C2-4F0A9AA46C48}.Release|x64.Build.0 = Release|Any CPU
		{095DDB32-C991-4164-B4C2-4F0A9AA46C48}.Release|x86.ActiveCfg = Release|Any CPU
		{095DDB32-C991-4164-B4C2-4F0A9AA46C48}.Release|x86.Build.0 = Release|Any CPU
		{2D6244B1-C8CF-4188-BAE1-2ECB79AC1CDF}.Debug|Any CPU.ActiveCfg = Debug|Any CPU
		{2D6244B1-C8CF-4188-BAE1-2ECB79AC1CDF}.Debug|Any CPU.Build.0 = Debug|Any CPU
		{2D6244B1-C8CF-4188-BAE1-2ECB79AC1CDF}.Debug|x64.ActiveCfg = Debug|Any CPU
		{2D6244B1-C8CF-4188-BAE1-2ECB79AC1CDF}.Debug|x64.Build.0 = Debug|Any CPU
		{2D6244B1-C8CF-4188-BAE1-2ECB79AC1CDF}.Debug|x86.ActiveCfg = Debug|Any CPU
		{2D6244B1-C8CF-4188-BAE1-2ECB79AC1CDF}.Debug|x86.Build.0 = Debug|Any CPU
		{2D6244B1-C8CF-4188-BAE1-2ECB79AC1CDF}.Release|Any CPU.ActiveCfg = Release|Any CPU
		{2D6244B1-C8CF-4188-BAE1-2ECB79AC1CDF}.Release|Any CPU.Build.0 = Release|Any CPU
		{2D6244B1-C8CF-4188-BAE1-2ECB79AC1CDF}.Release|x64.ActiveCfg = Release|Any CPU
		{2D6244B1-C8CF-4188-BAE1-2ECB79AC1CDF}.Release|x64.Build.0 = Release|Any CPU
		{2D6244B1-C8CF-4188-BAE1-2ECB79AC1CDF}.Release|x86.ActiveCfg = Release|Any CPU
		{2D6244B1-C8CF-4188-BAE1-2ECB79AC1CDF}.Release|x86.Build.0 = Release|Any CPU
		{97789A52-D23F-4E20-AFF4-69D33959A21D}.Debug|Any CPU.ActiveCfg = Debug|Any CPU
		{97789A52-D23F-4E20-AFF4-69D33959A21D}.Debug|Any CPU.Build.0 = Debug|Any CPU
		{97789A52-D23F-4E20-AFF4-69D33959A21D}.Debug|x64.ActiveCfg = Debug|Any CPU
		{97789A52-D23F-4E20-AFF4-69D33959A21D}.Debug|x64.Build.0 = Debug|Any CPU
		{97789A52-D23F-4E20-AFF4-69D33959A21D}.Debug|x86.ActiveCfg = Debug|Any CPU
		{97789A52-D23F-4E20-AFF4-69D33959A21D}.Debug|x86.Build.0 = Debug|Any CPU
		{97789A52-D23F-4E20-AFF4-69D33959A21D}.Release|Any CPU.ActiveCfg = Release|Any CPU
		{97789A52-D23F-4E20-AFF4-69D33959A21D}.Release|Any CPU.Build.0 = Release|Any CPU
		{97789A52-D23F-4E20-AFF4-69D33959A21D}.Release|x64.ActiveCfg = Release|Any CPU
		{97789A52-D23F-4E20-AFF4-69D33959A21D}.Release|x64.Build.0 = Release|Any CPU
		{97789A52-D23F-4E20-AFF4-69D33959A21D}.Release|x86.ActiveCfg = Release|Any CPU
		{97789A52-D23F-4E20-AFF4-69D33959A21D}.Release|x86.Build.0 = Release|Any CPU
		{C6CC12C8-E4AA-4D7A-B517-1F266E3FE116}.Debug|Any CPU.ActiveCfg = Debug|Any CPU
		{C6CC12C8-E4AA-4D7A-B517-1F266E3FE116}.Debug|Any CPU.Build.0 = Debug|Any CPU
		{C6CC12C8-E4AA-4D7A-B517-1F266E3FE116}.Debug|x64.ActiveCfg = Debug|Any CPU
		{C6CC12C8-E4AA-4D7A-B517-1F266E3FE116}.Debug|x64.Build.0 = Debug|Any CPU
		{C6CC12C8-E4AA-4D7A-B517-1F266E3FE116}.Debug|x86.ActiveCfg = Debug|Any CPU
		{C6CC12C8-E4AA-4D7A-B517-1F266E3FE116}.Debug|x86.Build.0 = Debug|Any CPU
		{C6CC12C8-E4AA-4D7A-B517-1F266E3FE116}.Release|Any CPU.ActiveCfg = Release|Any CPU
		{C6CC12C8-E4AA-4D7A-B517-1F266E3FE116}.Release|Any CPU.Build.0 = Release|Any CPU
		{C6CC12C8-E4AA-4D7A-B517-1F266E3FE116}.Release|x64.ActiveCfg = Release|Any CPU
		{C6CC12C8-E4AA-4D7A-B517-1F266E3FE116}.Release|x64.Build.0 = Release|Any CPU
		{C6CC12C8-E4AA-4D7A-B517-1F266E3FE116}.Release|x86.ActiveCfg = Release|Any CPU
		{C6CC12C8-E4AA-4D7A-B517-1F266E3FE116}.Release|x86.Build.0 = Release|Any CPU
		{2FAFD3F8-1F83-4F71-9EA0-F63D8CAEEEA2}.Debug|Any CPU.ActiveCfg = Debug|Any CPU
		{2FAFD3F8-1F83-4F71-9EA0-F63D8CAEEEA2}.Debug|Any CPU.Build.0 = Debug|Any CPU
		{2FAFD3F8-1F83-4F71-9EA0-F63D8CAEEEA2}.Debug|x64.ActiveCfg = Debug|Any CPU
		{2FAFD3F8-1F83-4F71-9EA0-F63D8CAEEEA2}.Debug|x64.Build.0 = Debug|Any CPU
		{2FAFD3F8-1F83-4F71-9EA0-F63D8CAEEEA2}.Debug|x86.ActiveCfg = Debug|Any CPU
		{2FAFD3F8-1F83-4F71-9EA0-F63D8CAEEEA2}.Debug|x86.Build.0 = Debug|Any CPU
		{2FAFD3F8-1F83-4F71-9EA0-F63D8CAEEEA2}.Release|Any CPU.ActiveCfg = Release|Any CPU
		{2FAFD3F8-1F83-4F71-9EA0-F63D8CAEEEA2}.Release|Any CPU.Build.0 = Release|Any CPU
		{2FAFD3F8-1F83-4F71-9EA0-F63D8CAEEEA2}.Release|x64.ActiveCfg = Release|Any CPU
		{2FAFD3F8-1F83-4F71-9EA0-F63D8CAEEEA2}.Release|x64.Build.0 = Release|Any CPU
		{2FAFD3F8-1F83-4F71-9EA0-F63D8CAEEEA2}.Release|x86.ActiveCfg = Release|Any CPU
		{2FAFD3F8-1F83-4F71-9EA0-F63D8CAEEEA2}.Release|x86.Build.0 = Release|Any CPU
		{AA0DB879-75B9-4DE4-97B4-87440454229B}.Debug|Any CPU.ActiveCfg = Debug|Any CPU
		{AA0DB879-75B9-4DE4-97B4-87440454229B}.Debug|Any CPU.Build.0 = Debug|Any CPU
		{AA0DB879-75B9-4DE4-97B4-87440454229B}.Debug|x64.ActiveCfg = Debug|Any CPU
		{AA0DB879-75B9-4DE4-97B4-87440454229B}.Debug|x64.Build.0 = Debug|Any CPU
		{AA0DB879-75B9-4DE4-97B4-87440454229B}.Debug|x86.ActiveCfg = Debug|Any CPU
		{AA0DB879-75B9-4DE4-97B4-87440454229B}.Debug|x86.Build.0 = Debug|Any CPU
		{AA0DB879-75B9-4DE4-97B4-87440454229B}.Release|Any CPU.ActiveCfg = Release|Any CPU
		{AA0DB879-75B9-4DE4-97B4-87440454229B}.Release|Any CPU.Build.0 = Release|Any CPU
		{AA0DB879-75B9-4DE4-97B4-87440454229B}.Release|x64.ActiveCfg = Release|Any CPU
		{AA0DB879-75B9-4DE4-97B4-87440454229B}.Release|x64.Build.0 = Release|Any CPU
		{AA0DB879-75B9-4DE4-97B4-87440454229B}.Release|x86.ActiveCfg = Release|Any CPU
		{AA0DB879-75B9-4DE4-97B4-87440454229B}.Release|x86.Build.0 = Release|Any CPU
		{CFCC3885-F372-4B0A-9A89-F8D88B7E3444}.Debug|Any CPU.ActiveCfg = Debug|Any CPU
		{CFCC3885-F372-4B0A-9A89-F8D88B7E3444}.Debug|Any CPU.Build.0 = Debug|Any CPU
		{CFCC3885-F372-4B0A-9A89-F8D88B7E3444}.Debug|x64.ActiveCfg = Debug|Any CPU
		{CFCC3885-F372-4B0A-9A89-F8D88B7E3444}.Debug|x64.Build.0 = Debug|Any CPU
		{CFCC3885-F372-4B0A-9A89-F8D88B7E3444}.Debug|x86.ActiveCfg = Debug|Any CPU
		{CFCC3885-F372-4B0A-9A89-F8D88B7E3444}.Debug|x86.Build.0 = Debug|Any CPU
		{CFCC3885-F372-4B0A-9A89-F8D88B7E3444}.Release|Any CPU.ActiveCfg = Release|Any CPU
		{CFCC3885-F372-4B0A-9A89-F8D88B7E3444}.Release|Any CPU.Build.0 = Release|Any CPU
		{CFCC3885-F372-4B0A-9A89-F8D88B7E3444}.Release|x64.ActiveCfg = Release|Any CPU
		{CFCC3885-F372-4B0A-9A89-F8D88B7E3444}.Release|x64.Build.0 = Release|Any CPU
		{CFCC3885-F372-4B0A-9A89-F8D88B7E3444}.Release|x86.ActiveCfg = Release|Any CPU
		{CFCC3885-F372-4B0A-9A89-F8D88B7E3444}.Release|x86.Build.0 = Release|Any CPU
		{F7366C57-7390-4EA9-9549-B3FBF5D98545}.Debug|Any CPU.ActiveCfg = Debug|Any CPU
		{F7366C57-7390-4EA9-9549-B3FBF5D98545}.Debug|Any CPU.Build.0 = Debug|Any CPU
		{F7366C57-7390-4EA9-9549-B3FBF5D98545}.Debug|x64.ActiveCfg = Debug|Any CPU
		{F7366C57-7390-4EA9-9549-B3FBF5D98545}.Debug|x64.Build.0 = Debug|Any CPU
		{F7366C57-7390-4EA9-9549-B3FBF5D98545}.Debug|x86.ActiveCfg = Debug|Any CPU
		{F7366C57-7390-4EA9-9549-B3FBF5D98545}.Debug|x86.Build.0 = Debug|Any CPU
		{F7366C57-7390-4EA9-9549-B3FBF5D98545}.Release|Any CPU.ActiveCfg = Release|Any CPU
		{F7366C57-7390-4EA9-9549-B3FBF5D98545}.Release|Any CPU.Build.0 = Release|Any CPU
		{F7366C57-7390-4EA9-9549-B3FBF5D98545}.Release|x64.ActiveCfg = Release|Any CPU
		{F7366C57-7390-4EA9-9549-B3FBF5D98545}.Release|x64.Build.0 = Release|Any CPU
		{F7366C57-7390-4EA9-9549-B3FBF5D98545}.Release|x86.ActiveCfg = Release|Any CPU
		{F7366C57-7390-4EA9-9549-B3FBF5D98545}.Release|x86.Build.0 = Release|Any CPU
		{AD1998CC-59AE-4C58-96F9-7A45B1A8F21F}.Debug|Any CPU.ActiveCfg = Debug|Any CPU
		{AD1998CC-59AE-4C58-96F9-7A45B1A8F21F}.Debug|Any CPU.Build.0 = Debug|Any CPU
		{AD1998CC-59AE-4C58-96F9-7A45B1A8F21F}.Debug|x64.ActiveCfg = Debug|Any CPU
		{AD1998CC-59AE-4C58-96F9-7A45B1A8F21F}.Debug|x64.Build.0 = Debug|Any CPU
		{AD1998CC-59AE-4C58-96F9-7A45B1A8F21F}.Debug|x86.ActiveCfg = Debug|Any CPU
		{AD1998CC-59AE-4C58-96F9-7A45B1A8F21F}.Debug|x86.Build.0 = Debug|Any CPU
		{AD1998CC-59AE-4C58-96F9-7A45B1A8F21F}.Release|Any CPU.ActiveCfg = Release|Any CPU
		{AD1998CC-59AE-4C58-96F9-7A45B1A8F21F}.Release|Any CPU.Build.0 = Release|Any CPU
		{AD1998CC-59AE-4C58-96F9-7A45B1A8F21F}.Release|x64.ActiveCfg = Release|Any CPU
		{AD1998CC-59AE-4C58-96F9-7A45B1A8F21F}.Release|x64.Build.0 = Release|Any CPU
		{AD1998CC-59AE-4C58-96F9-7A45B1A8F21F}.Release|x86.ActiveCfg = Release|Any CPU
		{AD1998CC-59AE-4C58-96F9-7A45B1A8F21F}.Release|x86.Build.0 = Release|Any CPU
	EndGlobalSection
	GlobalSection(SolutionProperties) = preSolution
		HideSolutionNode = FALSE
	EndGlobalSection
	GlobalSection(NestedProjects) = preSolution
		{3D4068B1-B16B-4228-BCBE-A976F03E97E7} = {827E0CD3-B72D-47B6-A68D-7590B98EB39B}
		{415823C3-CBD7-46FA-813A-7733688FDD4F} = {827E0CD3-B72D-47B6-A68D-7590B98EB39B}
		{8DC09FCB-4D88-4192-8148-08BA577E04AA} = {827E0CD3-B72D-47B6-A68D-7590B98EB39B}
		{095DDB32-C991-4164-B4C2-4F0A9AA46C48} = {827E0CD3-B72D-47B6-A68D-7590B98EB39B}
		{2D6244B1-C8CF-4188-BAE1-2ECB79AC1CDF} = {0AB3BF05-4346-4AA6-1389-037BE0695223}
		{97789A52-D23F-4E20-AFF4-69D33959A21D} = {0AB3BF05-4346-4AA6-1389-037BE0695223}
		{C6CC12C8-E4AA-4D7A-B517-1F266E3FE116} = {0AB3BF05-4346-4AA6-1389-037BE0695223}
		{2FAFD3F8-1F83-4F71-9EA0-F63D8CAEEEA2} = {0AB3BF05-4346-4AA6-1389-037BE0695223}
		{AA0DB879-75B9-4DE4-97B4-87440454229B} = {5D20AA90-6969-D8BD-9DCD-8634F4692FDA}
		{CFCC3885-F372-4B0A-9A89-F8D88B7E3444} = {5D20AA90-6969-D8BD-9DCD-8634F4692FDA}
		{F7366C57-7390-4EA9-9549-B3FBF5D98545} = {0AB3BF05-4346-4AA6-1389-037BE0695223}
		{AD1998CC-59AE-4C58-96F9-7A45B1A8F21F} = {7525B257-249C-EE79-B10A-65D0BC27ABA9}
	EndGlobalSection
EndGlobal
